
Microsoft Visual Studio Solution File, Format Version 12.00
# Visual Studio 15
VisualStudioVersion = 15.0.28307.852
MinimumVisualStudioVersion = 10.0.40219.1
Project("{8BC9CEB8-8B4A-11D0-8D11-00A0C91BC942}") = "ConsoleApplication1", "ConsoleApplication1\ConsoleApplication1.vcxproj", "{01B660D9-A2F2-4CCC-AFAB-C78A0ABE3123}"
EndProject
Global
	GlobalSection(SolutionConfigurationPlatforms) = preSolution
		Debug|x64 = Debug|x64
		Debug|x86 = Debug|x86
		Release|x64 = Release|x64
		Release|x86 = Release|x86
	EndGlobalSection
	GlobalSection(ProjectConfigurationPlatforms) = postSolution
		{01B660D9-A2F2-4CCC-AFAB-C78A0ABE3123}.Debug|x64.ActiveCfg = Debug|x64
		{01B660D9-A2F2-4CCC-AFAB-C78A0ABE3123}.Debug|x64.Build.0 = Debug|x64
		{01B660D9-A2F2-4CCC-AFAB-C78A0ABE3123}.Debug|x86.ActiveCfg = Debug|Win32
		{01B660D9-A2F2-4CCC-AFAB-C78A0ABE3123}.Debug|x86.Build.0 = Debug|Win32
		{01B660D9-A2F2-4CCC-AFAB-C78A0ABE3123}.Release|x64.ActiveCfg = Release|x64
		{01B660D9-A2F2-4CCC-AFAB-C78A0ABE3123}.Release|x64.Build.0 = Release|x64
		{01B660D9-A2F2-4CCC-AFAB-C78A0ABE3123}.Release|x86.ActiveCfg = Release|Win32
		{01B660D9-A2F2-4CCC-AFAB-C78A0ABE3123}.Release|x86.Build.0 = Release|Win32
	EndGlobalSection
	GlobalSection(SolutionProperties) = preSolution
		HideSolutionNode = FALSE
	EndGlobalSection
	GlobalSection(ExtensibilityGlobals) = postSolution
		SolutionGuid = {71DC5C3D-A745-4363-8BCD-EA7F80BE1F0C}
	EndGlobalSection
EndGlobal
